// !$*UTF8*$!
{
	archiveVersion = 1;
	classes = {
	};
	objectVersion = 56;
	objects = {

/* Begin PBXBuildFile section */
		9E169DD22AE4028E00EBDBBD /* DexResponse.swift in Sources */ = {isa = PBXBuildFile; fileRef = 9E169DD12AE4028E00EBDBBD /* DexResponse.swift */; };
		9E169DD52AE4079900EBDBBD /* NetworkManager.swift in Sources */ = {isa = PBXBuildFile; fileRef = 9E169DD42AE4079900EBDBBD /* NetworkManager.swift */; };
		9E169DD72AE407F600EBDBBD /* TradeViewModel.swift in Sources */ = {isa = PBXBuildFile; fileRef = 9E169DD62AE407F600EBDBBD /* TradeViewModel.swift */; };
		9E51F4542AE17AD300D84901 /* metamask-ios-sdk in Frameworks */ = {isa = PBXBuildFile; productRef = 9E51F4532AE17AD300D84901 /* metamask-ios-sdk */; };
		9E51F4562AE17BBB00D84901 /* Lottie in Frameworks */ = {isa = PBXBuildFile; productRef = 9E51F4552AE17BBB00D84901 /* Lottie */; };
		9E51F4592AE1A54700D84901 /* HomeView.swift in Sources */ = {isa = PBXBuildFile; fileRef = 9E51F4582AE1A54700D84901 /* HomeView.swift */; };
		9E51F45D2AE1C50300D84901 /* TradeView.swift in Sources */ = {isa = PBXBuildFile; fileRef = 9E51F45C2AE1C50300D84901 /* TradeView.swift */; };
		9E51F4602AE1C8F300D84901 /* OracleView.swift in Sources */ = {isa = PBXBuildFile; fileRef = 9E51F45F2AE1C8F300D84901 /* OracleView.swift */; };
		9EAB4E7B2AE08496008A587D /* PlatformAppApp.swift in Sources */ = {isa = PBXBuildFile; fileRef = 9EAB4E7A2AE08496008A587D /* PlatformAppApp.swift */; };
		9EAB4E7D2AE08496008A587D /* Persistence.swift in Sources */ = {isa = PBXBuildFile; fileRef = 9EAB4E7C2AE08496008A587D /* Persistence.swift */; };
		9EAB4E802AE08496008A587D /* PlatformApp.xcdatamodeld in Sources */ = {isa = PBXBuildFile; fileRef = 9EAB4E7E2AE08496008A587D /* PlatformApp.xcdatamodeld */; };
		9EAB4E842AE08497008A587D /* Assets.xcassets in Resources */ = {isa = PBXBuildFile; fileRef = 9EAB4E832AE08497008A587D /* Assets.xcassets */; };
		9EAB4E882AE08497008A587D /* Preview Assets.xcassets in Resources */ = {isa = PBXBuildFile; fileRef = 9EAB4E872AE08497008A587D /* Preview Assets.xcassets */; };
		9EAB4E902AE084B4008A587D /* LoginView.swift in Sources */ = {isa = PBXBuildFile; fileRef = 9EAB4E8F2AE084B4008A587D /* LoginView.swift */; };
		9EAB4E932AE085BD008A587D /* ButtonDecoration.swift in Sources */ = {isa = PBXBuildFile; fileRef = 9EAB4E922AE085BD008A587D /* ButtonDecoration.swift */; };
		9EAB4E962AE086D7008A587D /* LoginViewModel.swift in Sources */ = {isa = PBXBuildFile; fileRef = 9EAB4E952AE086D7008A587D /* LoginViewModel.swift */; };
		9EAB4E992AE08782008A587D /* Web3Modal in Frameworks */ = {isa = PBXBuildFile; productRef = 9EAB4E982AE08782008A587D /* Web3Modal */; };
		9EAB4E9B2AE08782008A587D /* Web3ModalUI in Frameworks */ = {isa = PBXBuildFile; productRef = 9EAB4E9A2AE08782008A587D /* Web3ModalUI */; };
		9EAB4E9D2AE088E6008A587D /* WCSocketFactory.swift in Sources */ = {isa = PBXBuildFile; fileRef = 9EAB4E9C2AE088E6008A587D /* WCSocketFactory.swift */; };
		9EAB4EA32AE08B6D008A587D /* LottieView.swift in Sources */ = {isa = PBXBuildFile; fileRef = 9EAB4EA22AE08B6D008A587D /* LottieView.swift */; };
		9EBFBA2F2AE08D8C00F723CC /* WelcomeAnimation.json in Resources */ = {isa = PBXBuildFile; fileRef = 9EBFBA2E2AE08D8C00F723CC /* WelcomeAnimation.json */; };
/* End PBXBuildFile section */

/* Begin PBXFileReference section */
		9E169DD12AE4028E00EBDBBD /* DexResponse.swift */ = {isa = PBXFileReference; lastKnownFileType = sourcecode.swift; path = DexResponse.swift; sourceTree = "<group>"; };
		9E169DD42AE4079900EBDBBD /* NetworkManager.swift */ = {isa = PBXFileReference; lastKnownFileType = sourcecode.swift; path = NetworkManager.swift; sourceTree = "<group>"; };
		9E169DD62AE407F600EBDBBD /* TradeViewModel.swift */ = {isa = PBXFileReference; lastKnownFileType = sourcecode.swift; path = TradeViewModel.swift; sourceTree = "<group>"; };
		9E51F4582AE1A54700D84901 /* HomeView.swift */ = {isa = PBXFileReference; lastKnownFileType = sourcecode.swift; path = HomeView.swift; sourceTree = "<group>"; };
		9E51F45C2AE1C50300D84901 /* TradeView.swift */ = {isa = PBXFileReference; lastKnownFileType = sourcecode.swift; path = TradeView.swift; sourceTree = "<group>"; };
		9E51F45F2AE1C8F300D84901 /* OracleView.swift */ = {isa = PBXFileReference; lastKnownFileType = sourcecode.swift; path = OracleView.swift; sourceTree = "<group>"; };
		9EAB4E772AE08496008A587D /* PlatformApp.app */ = {isa = PBXFileReference; explicitFileType = wrapper.application; includeInIndex = 0; path = PlatformApp.app; sourceTree = BUILT_PRODUCTS_DIR; };
		9EAB4E7A2AE08496008A587D /* PlatformAppApp.swift */ = {isa = PBXFileReference; lastKnownFileType = sourcecode.swift; path = PlatformAppApp.swift; sourceTree = "<group>"; };
		9EAB4E7C2AE08496008A587D /* Persistence.swift */ = {isa = PBXFileReference; lastKnownFileType = sourcecode.swift; path = Persistence.swift; sourceTree = "<group>"; };
		9EAB4E7F2AE08496008A587D /* PlatformApp.xcdatamodel */ = {isa = PBXFileReference; lastKnownFileType = wrapper.xcdatamodel; path = PlatformApp.xcdatamodel; sourceTree = "<group>"; };
		9EAB4E832AE08497008A587D /* Assets.xcassets */ = {isa = PBXFileReference; lastKnownFileType = folder.assetcatalog; path = Assets.xcassets; sourceTree = "<group>"; };
		9EAB4E852AE08497008A587D /* PlatformApp.entitlements */ = {isa = PBXFileReference; lastKnownFileType = text.plist.entitlements; path = PlatformApp.entitlements; sourceTree = "<group>"; };
		9EAB4E872AE08497008A587D /* Preview Assets.xcassets */ = {isa = PBXFileReference; lastKnownFileType = folder.assetcatalog; path = "Preview Assets.xcassets"; sourceTree = "<group>"; };
		9EAB4E8F2AE084B4008A587D /* LoginView.swift */ = {isa = PBXFileReference; lastKnownFileType = sourcecode.swift; path = LoginView.swift; sourceTree = "<group>"; };
		9EAB4E922AE085BD008A587D /* ButtonDecoration.swift */ = {isa = PBXFileReference; lastKnownFileType = sourcecode.swift; path = ButtonDecoration.swift; sourceTree = "<group>"; };
		9EAB4E952AE086D7008A587D /* LoginViewModel.swift */ = {isa = PBXFileReference; lastKnownFileType = sourcecode.swift; path = LoginViewModel.swift; sourceTree = "<group>"; };
		9EAB4E9C2AE088E6008A587D /* WCSocketFactory.swift */ = {isa = PBXFileReference; lastKnownFileType = sourcecode.swift; path = WCSocketFactory.swift; sourceTree = "<group>"; };
		9EAB4EA22AE08B6D008A587D /* LottieView.swift */ = {isa = PBXFileReference; lastKnownFileType = sourcecode.swift; path = LottieView.swift; sourceTree = "<group>"; };
		9EBFBA2E2AE08D8C00F723CC /* WelcomeAnimation.json */ = {isa = PBXFileReference; fileEncoding = 4; lastKnownFileType = text.json; path = WelcomeAnimation.json; sourceTree = "<group>"; };
/* End PBXFileReference section */

/* Begin PBXFrameworksBuildPhase section */
		9EAB4E742AE08496008A587D /* Frameworks */ = {
			isa = PBXFrameworksBuildPhase;
			buildActionMask = 2147483647;
			files = (
				9EAB4E992AE08782008A587D /* Web3Modal in Frameworks */,
				9EAB4E9B2AE08782008A587D /* Web3ModalUI in Frameworks */,
				9E51F4542AE17AD300D84901 /* metamask-ios-sdk in Frameworks */,
				9E51F4562AE17BBB00D84901 /* Lottie in Frameworks */,
			);
			runOnlyForDeploymentPostprocessing = 0;
		};
/* End PBXFrameworksBuildPhase section */

/* Begin PBXGroup section */
		9E169DD02AE4028000EBDBBD /* Data */ = {
			isa = PBXGroup;
			children = (
				9E169DD12AE4028E00EBDBBD /* DexResponse.swift */,
				9E169DD42AE4079900EBDBBD /* NetworkManager.swift */,
			);
			path = Data;
			sourceTree = "<group>";
		};
		9E169DD32AE402DE00EBDBBD /* Investment */ = {
			isa = PBXGroup;
			children = (
			);
			path = Investment;
			sourceTree = "<group>";
		};
		9E51F4572AE1A53700D84901 /* Home */ = {
			isa = PBXGroup;
			children = (
				9E169DD32AE402DE00EBDBBD /* Investment */,
				9E51F45E2AE1C8EA00D84901 /* Oracle */,
				9E51F45B2AE1C4EA00D84901 /* Trade */,
				9E51F4582AE1A54700D84901 /* HomeView.swift */,
			);
			path = Home;
			sourceTree = "<group>";
		};
		9E51F45B2AE1C4EA00D84901 /* Trade */ = {
			isa = PBXGroup;
			children = (
				9E51F45C2AE1C50300D84901 /* TradeView.swift */,
				9E169DD62AE407F600EBDBBD /* TradeViewModel.swift */,
			);
			path = Trade;
			sourceTree = "<group>";
		};
		9E51F45E2AE1C8EA00D84901 /* Oracle */ = {
			isa = PBXGroup;
			children = (
				9E51F45F2AE1C8F300D84901 /* OracleView.swift */,
			);
			path = Oracle;
			sourceTree = "<group>";
		};
		9EAB4E6E2AE08496008A587D = {
			isa = PBXGroup;
			children = (
				9EAB4E792AE08496008A587D /* PlatformApp */,
				9EAB4E782AE08496008A587D /* Products */,
			);
			sourceTree = "<group>";
		};
		9EAB4E782AE08496008A587D /* Products */ = {
			isa = PBXGroup;
			children = (
				9EAB4E772AE08496008A587D /* PlatformApp.app */,
			);
			name = Products;
			sourceTree = "<group>";
		};
		9EAB4E792AE08496008A587D /* PlatformApp */ = {
			isa = PBXGroup;
			children = (
				9E169DD02AE4028000EBDBBD /* Data */,
				9EBFBA2D2AE08D6C00F723CC /* Animations */,
				9EAB4EA12AE08B62008A587D /* Components */,
				9EAB4E912AE085A9008A587D /* ViewDecoration */,
				9EAB4E8E2AE084A8008A587D /* Feature */,
				9EAB4E7A2AE08496008A587D /* PlatformAppApp.swift */,
				9EAB4E7C2AE08496008A587D /* Persistence.swift */,
				9EAB4E832AE08497008A587D /* Assets.xcassets */,
				9EAB4E852AE08497008A587D /* PlatformApp.entitlements */,
				9EAB4E7E2AE08496008A587D /* PlatformApp.xcdatamodeld */,
				9EAB4E862AE08497008A587D /* Preview Content */,
				9EAB4E9C2AE088E6008A587D /* WCSocketFactory.swift */,
			);
			path = PlatformApp;
			sourceTree = "<group>";
		};
		9EAB4E862AE08497008A587D /* Preview Content */ = {
			isa = PBXGroup;
			children = (
				9EAB4E872AE08497008A587D /* Preview Assets.xcassets */,
			);
			path = "Preview Content";
			sourceTree = "<group>";
		};
		9EAB4E8E2AE084A8008A587D /* Feature */ = {
			isa = PBXGroup;
			children = (
				9E51F4572AE1A53700D84901 /* Home */,
				9EAB4E942AE086C0008A587D /* Login */,
			);
			path = Feature;
			sourceTree = "<group>";
		};
		9EAB4E912AE085A9008A587D /* ViewDecoration */ = {
			isa = PBXGroup;
			children = (
				9EAB4E922AE085BD008A587D /* ButtonDecoration.swift */,
			);
			path = ViewDecoration;
			sourceTree = "<group>";
		};
		9EAB4E942AE086C0008A587D /* Login */ = {
			isa = PBXGroup;
			children = (
				9EAB4E8F2AE084B4008A587D /* LoginView.swift */,
				9EAB4E952AE086D7008A587D /* LoginViewModel.swift */,
			);
			path = Login;
			sourceTree = "<group>";
		};
		9EAB4EA12AE08B62008A587D /* Components */ = {
			isa = PBXGroup;
			children = (
				9EAB4EA22AE08B6D008A587D /* LottieView.swift */,
			);
			path = Components;
			sourceTree = "<group>";
		};
		9EBFBA2D2AE08D6C00F723CC /* Animations */ = {
			isa = PBXGroup;
			children = (
				9EBFBA2E2AE08D8C00F723CC /* WelcomeAnimation.json */,
			);
			path = Animations;
			sourceTree = "<group>";
		};
/* End PBXGroup section */

/* Begin PBXNativeTarget section */
		9EAB4E762AE08496008A587D /* PlatformApp */ = {
			isa = PBXNativeTarget;
			buildConfigurationList = 9EAB4E8B2AE08497008A587D /* Build configuration list for PBXNativeTarget "PlatformApp" */;
			buildPhases = (
				9EAB4E732AE08496008A587D /* Sources */,
				9EAB4E742AE08496008A587D /* Frameworks */,
				9EAB4E752AE08496008A587D /* Resources */,
			);
			buildRules = (
			);
			dependencies = (
			);
			name = PlatformApp;
			packageProductDependencies = (
				9EAB4E982AE08782008A587D /* Web3Modal */,
				9EAB4E9A2AE08782008A587D /* Web3ModalUI */,
				9E51F4532AE17AD300D84901 /* metamask-ios-sdk */,
				9E51F4552AE17BBB00D84901 /* Lottie */,
			);
			productName = PlatformApp;
			productReference = 9EAB4E772AE08496008A587D /* PlatformApp.app */;
			productType = "com.apple.product-type.application";
		};
/* End PBXNativeTarget section */

/* Begin PBXProject section */
		9EAB4E6F2AE08496008A587D /* Project object */ = {
			isa = PBXProject;
			attributes = {
				BuildIndependentTargetsInParallel = 1;
				LastSwiftUpdateCheck = 1500;
				LastUpgradeCheck = 1500;
				TargetAttributes = {
					9EAB4E762AE08496008A587D = {
						CreatedOnToolsVersion = 15.0;
					};
				};
			};
			buildConfigurationList = 9EAB4E722AE08496008A587D /* Build configuration list for PBXProject "PlatformApp" */;
			compatibilityVersion = "Xcode 14.0";
			developmentRegion = en;
			hasScannedForEncodings = 0;
			knownRegions = (
				en,
				Base,
			);
			mainGroup = 9EAB4E6E2AE08496008A587D;
			packageReferences = (
				9EAB4E972AE08782008A587D /* XCRemoteSwiftPackageReference "web3modal-swift" */,
				9EAB4EA42AE08C2F008A587D /* XCRemoteSwiftPackageReference "lottie-ios" */,
				9E51F4522AE17AD300D84901 /* XCRemoteSwiftPackageReference "metamask-ios-sdk" */,
			);
			productRefGroup = 9EAB4E782AE08496008A587D /* Products */;
			projectDirPath = "";
			projectRoot = "";
			targets = (
				9EAB4E762AE08496008A587D /* PlatformApp */,
			);
		};
/* End PBXProject section */

/* Begin PBXResourcesBuildPhase section */
		9EAB4E752AE08496008A587D /* Resources */ = {
			isa = PBXResourcesBuildPhase;
			buildActionMask = 2147483647;
			files = (
				9EBFBA2F2AE08D8C00F723CC /* WelcomeAnimation.json in Resources */,
				9EAB4E882AE08497008A587D /* Preview Assets.xcassets in Resources */,
				9EAB4E842AE08497008A587D /* Assets.xcassets in Resources */,
			);
			runOnlyForDeploymentPostprocessing = 0;
		};
/* End PBXResourcesBuildPhase section */

/* Begin PBXSourcesBuildPhase section */
		9EAB4E732AE08496008A587D /* Sources */ = {
			isa = PBXSourcesBuildPhase;
			buildActionMask = 2147483647;
			files = (
				9EAB4E9D2AE088E6008A587D /* WCSocketFactory.swift in Sources */,
				9EAB4E7B2AE08496008A587D /* PlatformAppApp.swift in Sources */,
				9EAB4E932AE085BD008A587D /* ButtonDecoration.swift in Sources */,
				9E169DD72AE407F600EBDBBD /* TradeViewModel.swift in Sources */,
				9EAB4E962AE086D7008A587D /* LoginViewModel.swift in Sources */,
				9E169DD22AE4028E00EBDBBD /* DexResponse.swift in Sources */,
				9E51F45D2AE1C50300D84901 /* TradeView.swift in Sources */,
				9E51F4592AE1A54700D84901 /* HomeView.swift in Sources */,
				9EAB4E902AE084B4008A587D /* LoginView.swift in Sources */,
				9E169DD52AE4079900EBDBBD /* NetworkManager.swift in Sources */,
				9EAB4E7D2AE08496008A587D /* Persistence.swift in Sources */,
				9E51F4602AE1C8F300D84901 /* OracleView.swift in Sources */,
				9EAB4E802AE08496008A587D /* PlatformApp.xcdatamodeld in Sources */,
				9EAB4EA32AE08B6D008A587D /* LottieView.swift in Sources */,
			);
			runOnlyForDeploymentPostprocessing = 0;
		};
/* End PBXSourcesBuildPhase section */

/* Begin XCBuildConfiguration section */
		9EAB4E892AE08497008A587D /* Debug */ = {
			isa = XCBuildConfiguration;
			buildSettings = {
				ALWAYS_SEARCH_USER_PATHS = NO;
				ASSETCATALOG_COMPILER_GENERATE_SWIFT_ASSET_SYMBOL_EXTENSIONS = YES;
				CLANG_ANALYZER_NONNULL = YES;
				CLANG_ANALYZER_NUMBER_OBJECT_CONVERSION = YES_AGGRESSIVE;
				CLANG_CXX_LANGUAGE_STANDARD = "gnu++20";
				CLANG_ENABLE_MODULES = YES;
				CLANG_ENABLE_OBJC_ARC = YES;
				CLANG_ENABLE_OBJC_WEAK = YES;
				CLANG_WARN_BLOCK_CAPTURE_AUTORELEASING = YES;
				CLANG_WARN_BOOL_CONVERSION = YES;
				CLANG_WARN_COMMA = YES;
				CLANG_WARN_CONSTANT_CONVERSION = YES;
				CLANG_WARN_DEPRECATED_OBJC_IMPLEMENTATIONS = YES;
				CLANG_WARN_DIRECT_OBJC_ISA_USAGE = YES_ERROR;
				CLANG_WARN_DOCUMENTATION_COMMENTS = YES;
				CLANG_WARN_EMPTY_BODY = YES;
				CLANG_WARN_ENUM_CONVERSION = YES;
				CLANG_WARN_INFINITE_RECURSION = YES;
				CLANG_WARN_INT_CONVERSION = YES;
				CLANG_WARN_NON_LITERAL_NULL_CONVERSION = YES;
				CLANG_WARN_OBJC_IMPLICIT_RETAIN_SELF = YES;
				CLANG_WARN_OBJC_LITERAL_CONVERSION = YES;
				CLANG_WARN_OBJC_ROOT_CLASS = YES_ERROR;
				CLANG_WARN_QUOTED_INCLUDE_IN_FRAMEWORK_HEADER = YES;
				CLANG_WARN_RANGE_LOOP_ANALYSIS = YES;
				CLANG_WARN_STRICT_PROTOTYPES = YES;
				CLANG_WARN_SUSPICIOUS_MOVE = YES;
				CLANG_WARN_UNGUARDED_AVAILABILITY = YES_AGGRESSIVE;
				CLANG_WARN_UNREACHABLE_CODE = YES;
				CLANG_WARN__DUPLICATE_METHOD_MATCH = YES;
				COPY_PHASE_STRIP = NO;
				DEBUG_INFORMATION_FORMAT = dwarf;
				ENABLE_STRICT_OBJC_MSGSEND = YES;
				ENABLE_TESTABILITY = YES;
				ENABLE_USER_SCRIPT_SANDBOXING = YES;
				GCC_C_LANGUAGE_STANDARD = gnu17;
				GCC_DYNAMIC_NO_PIC = NO;
				GCC_NO_COMMON_BLOCKS = YES;
				GCC_OPTIMIZATION_LEVEL = 0;
				GCC_PREPROCESSOR_DEFINITIONS = (
					"DEBUG=1",
					"$(inherited)",
				);
				GCC_WARN_64_TO_32_BIT_CONVERSION = YES;
				GCC_WARN_ABOUT_RETURN_TYPE = YES_ERROR;
				GCC_WARN_UNDECLARED_SELECTOR = YES;
				GCC_WARN_UNINITIALIZED_AUTOS = YES_AGGRESSIVE;
				GCC_WARN_UNUSED_FUNCTION = YES;
				GCC_WARN_UNUSED_VARIABLE = YES;
				LOCALIZATION_PREFERS_STRING_CATALOGS = YES;
				MTL_ENABLE_DEBUG_INFO = INCLUDE_SOURCE;
				MTL_FAST_MATH = YES;
				ONLY_ACTIVE_ARCH = YES;
				SWIFT_ACTIVE_COMPILATION_CONDITIONS = "DEBUG $(inherited)";
				SWIFT_OPTIMIZATION_LEVEL = "-Onone";
			};
			name = Debug;
		};
		9EAB4E8A2AE08497008A587D /* Release */ = {
			isa = XCBuildConfiguration;
			buildSettings = {
				ALWAYS_SEARCH_USER_PATHS = NO;
				ASSETCATALOG_COMPILER_GENERATE_SWIFT_ASSET_SYMBOL_EXTENSIONS = YES;
				CLANG_ANALYZER_NONNULL = YES;
				CLANG_ANALYZER_NUMBER_OBJECT_CONVERSION = YES_AGGRESSIVE;
				CLANG_CXX_LANGUAGE_STANDARD = "gnu++20";
				CLANG_ENABLE_MODULES = YES;
				CLANG_ENABLE_OBJC_ARC = YES;
				CLANG_ENABLE_OBJC_WEAK = YES;
				CLANG_WARN_BLOCK_CAPTURE_AUTORELEASING = YES;
				CLANG_WARN_BOOL_CONVERSION = YES;
				CLANG_WARN_COMMA = YES;
				CLANG_WARN_CONSTANT_CONVERSION = YES;
				CLANG_WARN_DEPRECATED_OBJC_IMPLEMENTATIONS = YES;
				CLANG_WARN_DIRECT_OBJC_ISA_USAGE = YES_ERROR;
				CLANG_WARN_DOCUMENTATION_COMMENTS = YES;
				CLANG_WARN_EMPTY_BODY = YES;
				CLANG_WARN_ENUM_CONVERSION = YES;
				CLANG_WARN_INFINITE_RECURSION = YES;
				CLANG_WARN_INT_CONVERSION = YES;
				CLANG_WARN_NON_LITERAL_NULL_CONVERSION = YES;
				CLANG_WARN_OBJC_IMPLICIT_RETAIN_SELF = YES;
				CLANG_WARN_OBJC_LITERAL_CONVERSION = YES;
				CLANG_WARN_OBJC_ROOT_CLASS = YES_ERROR;
				CLANG_WARN_QUOTED_INCLUDE_IN_FRAMEWORK_HEADER = YES;
				CLANG_WARN_RANGE_LOOP_ANALYSIS = YES;
				CLANG_WARN_STRICT_PROTOTYPES = YES;
				CLANG_WARN_SUSPICIOUS_MOVE = YES;
				CLANG_WARN_UNGUARDED_AVAILABILITY = YES_AGGRESSIVE;
				CLANG_WARN_UNREACHABLE_CODE = YES;
				CLANG_WARN__DUPLICATE_METHOD_MATCH = YES;
				COPY_PHASE_STRIP = NO;
				DEBUG_INFORMATION_FORMAT = "dwarf-with-dsym";
				ENABLE_NS_ASSERTIONS = NO;
				ENABLE_STRICT_OBJC_MSGSEND = YES;
				ENABLE_USER_SCRIPT_SANDBOXING = YES;
				GCC_C_LANGUAGE_STANDARD = gnu17;
				GCC_NO_COMMON_BLOCKS = YES;
				GCC_WARN_64_TO_32_BIT_CONVERSION = YES;
				GCC_WARN_ABOUT_RETURN_TYPE = YES_ERROR;
				GCC_WARN_UNDECLARED_SELECTOR = YES;
				GCC_WARN_UNINITIALIZED_AUTOS = YES_AGGRESSIVE;
				GCC_WARN_UNUSED_FUNCTION = YES;
				GCC_WARN_UNUSED_VARIABLE = YES;
				LOCALIZATION_PREFERS_STRING_CATALOGS = YES;
				MTL_ENABLE_DEBUG_INFO = NO;
				MTL_FAST_MATH = YES;
				SWIFT_COMPILATION_MODE = wholemodule;
			};
			name = Release;
		};
		9EAB4E8C2AE08497008A587D /* Debug */ = {
			isa = XCBuildConfiguration;
			buildSettings = {
				ASSETCATALOG_COMPILER_APPICON_NAME = AppIcon;
				ASSETCATALOG_COMPILER_GLOBAL_ACCENT_COLOR_NAME = AccentColor;
				CODE_SIGN_ENTITLEMENTS = PlatformApp/PlatformApp.entitlements;
				CODE_SIGN_STYLE = Automatic;
				CURRENT_PROJECT_VERSION = 1;
				DEVELOPMENT_ASSET_PATHS = "\"PlatformApp/Preview Content\"";
				DEVELOPMENT_TEAM = LRQ65F65GJ;
				ENABLE_HARDENED_RUNTIME = YES;
				ENABLE_PREVIEWS = YES;
				GENERATE_INFOPLIST_FILE = YES;
				"INFOPLIST_KEY_UIApplicationSceneManifest_Generation[sdk=iphoneos*]" = YES;
				"INFOPLIST_KEY_UIApplicationSceneManifest_Generation[sdk=iphonesimulator*]" = YES;
				"INFOPLIST_KEY_UIApplicationSupportsIndirectInputEvents[sdk=iphoneos*]" = YES;
				"INFOPLIST_KEY_UIApplicationSupportsIndirectInputEvents[sdk=iphonesimulator*]" = YES;
				"INFOPLIST_KEY_UILaunchScreen_Generation[sdk=iphoneos*]" = YES;
				"INFOPLIST_KEY_UILaunchScreen_Generation[sdk=iphonesimulator*]" = YES;
				"INFOPLIST_KEY_UIStatusBarStyle[sdk=iphoneos*]" = UIStatusBarStyleDefault;
				"INFOPLIST_KEY_UIStatusBarStyle[sdk=iphonesimulator*]" = UIStatusBarStyleDefault;
				INFOPLIST_KEY_UISupportedInterfaceOrientations_iPad = "UIInterfaceOrientationPortrait UIInterfaceOrientationPortraitUpsideDown UIInterfaceOrientationLandscapeLeft UIInterfaceOrientationLandscapeRight";
				INFOPLIST_KEY_UISupportedInterfaceOrientations_iPhone = "UIInterfaceOrientationPortrait UIInterfaceOrientationLandscapeLeft UIInterfaceOrientationLandscapeRight";
				IPHONEOS_DEPLOYMENT_TARGET = 16.0;
				LD_RUNPATH_SEARCH_PATHS = "@executable_path/Frameworks";
				"LD_RUNPATH_SEARCH_PATHS[sdk=macosx*]" = "@executable_path/../Frameworks";
				MACOSX_DEPLOYMENT_TARGET = 13.5;
				MARKETING_VERSION = 1.0;
				PRODUCT_BUNDLE_IDENTIFIER = com.dag.PlatformApp;
				PRODUCT_NAME = "$(TARGET_NAME)";
				SDKROOT = auto;
				SUPPORTED_PLATFORMS = "iphoneos iphonesimulator macosx";
				SWIFT_EMIT_LOC_STRINGS = YES;
				SWIFT_VERSION = 5.0;
				TARGETED_DEVICE_FAMILY = "1,2";
			};
			name = Debug;
		};
		9EAB4E8D2AE08497008A587D /* Release */ = {
			isa = XCBuildConfiguration;
			buildSettings = {
				ASSETCATALOG_COMPILER_APPICON_NAME = AppIcon;
				ASSETCATALOG_COMPILER_GLOBAL_ACCENT_COLOR_NAME = AccentColor;
				CODE_SIGN_ENTITLEMENTS = PlatformApp/PlatformApp.entitlements;
				CODE_SIGN_STYLE = Automatic;
				CURRENT_PROJECT_VERSION = 1;
				DEVELOPMENT_ASSET_PATHS = "\"PlatformApp/Preview Content\"";
				DEVELOPMENT_TEAM = LRQ65F65GJ;
				ENABLE_HARDENED_RUNTIME = YES;
				ENABLE_PREVIEWS = YES;
				GENERATE_INFOPLIST_FILE = YES;
				"INFOPLIST_KEY_UIApplicationSceneManifest_Generation[sdk=iphoneos*]" = YES;
				"INFOPLIST_KEY_UIApplicationSceneManifest_Generation[sdk=iphonesimulator*]" = YES;
				"INFOPLIST_KEY_UIApplicationSupportsIndirectInputEvents[sdk=iphoneos*]" = YES;
				"INFOPLIST_KEY_UIApplicationSupportsIndirectInputEvents[sdk=iphonesimulator*]" = YES;
				"INFOPLIST_KEY_UILaunchScreen_Generation[sdk=iphoneos*]" = YES;
				"INFOPLIST_KEY_UILaunchScreen_Generation[sdk=iphonesimulator*]" = YES;
				"INFOPLIST_KEY_UIStatusBarStyle[sdk=iphoneos*]" = UIStatusBarStyleDefault;
				"INFOPLIST_KEY_UIStatusBarStyle[sdk=iphonesimulator*]" = UIStatusBarStyleDefault;
				INFOPLIST_KEY_UISupportedInterfaceOrientations_iPad = "UIInterfaceOrientationPortrait UIInterfaceOrientationPortraitUpsideDown UIInterfaceOrientationLandscapeLeft UIInterfaceOrientationLandscapeRight";
				INFOPLIST_KEY_UISupportedInterfaceOrientations_iPhone = "UIInterfaceOrientationPortrait UIInterfaceOrientationLandscapeLeft UIInterfaceOrientationLandscapeRight";
				IPHONEOS_DEPLOYMENT_TARGET = 16.0;
				LD_RUNPATH_SEARCH_PATHS = "@executable_path/Frameworks";
				"LD_RUNPATH_SEARCH_PATHS[sdk=macosx*]" = "@executable_path/../Frameworks";
				MACOSX_DEPLOYMENT_TARGET = 13.5;
				MARKETING_VERSION = 1.0;
				PRODUCT_BUNDLE_IDENTIFIER = com.dag.PlatformApp;
				PRODUCT_NAME = "$(TARGET_NAME)";
				SDKROOT = auto;
				SUPPORTED_PLATFORMS = "iphoneos iphonesimulator macosx";
				SWIFT_EMIT_LOC_STRINGS = YES;
				SWIFT_VERSION = 5.0;
				TARGETED_DEVICE_FAMILY = "1,2";
			};
			name = Release;
		};
/* End XCBuildConfiguration section */

/* Begin XCConfigurationList section */
		9EAB4E722AE08496008A587D /* Build configuration list for PBXProject "PlatformApp" */ = {
			isa = XCConfigurationList;
			buildConfigurations = (
				9EAB4E892AE08497008A587D /* Debug */,
				9EAB4E8A2AE08497008A587D /* Release */,
			);
			defaultConfigurationIsVisible = 0;
			defaultConfigurationName = Release;
		};
		9EAB4E8B2AE08497008A587D /* Build configuration list for PBXNativeTarget "PlatformApp" */ = {
			isa = XCConfigurationList;
			buildConfigurations = (
				9EAB4E8C2AE08497008A587D /* Debug */,
				9EAB4E8D2AE08497008A587D /* Release */,
			);
			defaultConfigurationIsVisible = 0;
			defaultConfigurationName = Release;
		};
/* End XCConfigurationList section */

/* Begin XCRemoteSwiftPackageReference section */
		9E51F4522AE17AD300D84901 /* XCRemoteSwiftPackageReference "metamask-ios-sdk" */ = {
			isa = XCRemoteSwiftPackageReference;
			repositoryURL = "https://github.com/MetaMask/metamask-ios-sdk";
			requirement = {
				kind = upToNextMajorVersion;
				minimumVersion = 0.2.2;
			};
		};
		9EAB4E972AE08782008A587D /* XCRemoteSwiftPackageReference "web3modal-swift" */ = {
			isa = XCRemoteSwiftPackageReference;
			repositoryURL = "https://github.com/WalletConnect/web3modal-swift";
			requirement = {
				branch = develop;
				kind = branch;
			};
		};
		9EAB4EA42AE08C2F008A587D /* XCRemoteSwiftPackageReference "lottie-ios" */ = {
			isa = XCRemoteSwiftPackageReference;
			repositoryURL = "https://github.com/airbnb/lottie-ios";
			requirement = {
				kind = upToNextMajorVersion;
				minimumVersion = 4.3.3;
			};
		};
/* End XCRemoteSwiftPackageReference section */

/* Begin XCSwiftPackageProductDependency section */
		9E51F4532AE17AD300D84901 /* metamask-ios-sdk */ = {
			isa = XCSwiftPackageProductDependency;
			package = 9E51F4522AE17AD300D84901 /* XCRemoteSwiftPackageReference "metamask-ios-sdk" */;
			productName = "metamask-ios-sdk";
		};
		9E51F4552AE17BBB00D84901 /* Lottie */ = {
			isa = XCSwiftPackageProductDependency;
			package = 9EAB4EA42AE08C2F008A587D /* XCRemoteSwiftPackageReference "lottie-ios" */;
			productName = Lottie;
		};
		9EAB4E982AE08782008A587D /* Web3Modal */ = {
			isa = XCSwiftPackageProductDependency;
			package = 9EAB4E972AE08782008A587D /* XCRemoteSwiftPackageReference "web3modal-swift" */;
			productName = Web3Modal;
		};
		9EAB4E9A2AE08782008A587D /* Web3ModalUI */ = {
			isa = XCSwiftPackageProductDependency;
			package = 9EAB4E972AE08782008A587D /* XCRemoteSwiftPackageReference "web3modal-swift" */;
			productName = Web3ModalUI;
		};
/* End XCSwiftPackageProductDependency section */

/* Begin XCVersionGroup section */
		9EAB4E7E2AE08496008A587D /* PlatformApp.xcdatamodeld */ = {
			isa = XCVersionGroup;
			children = (
				9EAB4E7F2AE08496008A587D /* PlatformApp.xcdatamodel */,
			);
			currentVersion = 9EAB4E7F2AE08496008A587D /* PlatformApp.xcdatamodel */;
			path = PlatformApp.xcdatamodeld;
			sourceTree = "<group>";
			versionGroupType = wrapper.xcdatamodel;
		};
/* End XCVersionGroup section */
	};
	rootObject = 9EAB4E6F2AE08496008A587D /* Project object */;
}
